
Microsoft Visual Studio Solution File, Format Version 12.00
# Visual Studio Version 17
VisualStudioVersion = 17.9.34622.214
MinimumVisualStudioVersion = 10.0.40219.1
Project("{FAE04EC0-301F-11D3-BF4B-00C04F79EFBC}") = "employeeManagementAPP", "employeeManagementAPP.csproj", "{0FD470D0-E9A5-42E3-B795-DBC0A2AB200D}"
EndProject
Global
	GlobalSection(SolutionConfigurationPlatforms) = preSolution
		Debug|Any CPU = Debug|Any CPU
		Release|Any CPU = Release|Any CPU
	EndGlobalSection
	GlobalSection(ProjectConfigurationPlatforms) = postSolution
		{0FD470D0-E9A5-42E3-B795-DBC0A2AB200D}.Debug|Any CPU.ActiveCfg = Debug|Any CPU
		{0FD470D0-E9A5-42E3-B795-DBC0A2AB200D}.Debug|Any CPU.Build.0 = Debug|Any CPU
		{0FD470D0-E9A5-42E3-B795-DBC0A2AB200D}.Release|Any CPU.ActiveCfg = Release|Any CPU
		{0FD470D0-E9A5-42E3-B795-DBC0A2AB200D}.Release|Any CPU.Build.0 = Release|Any CPU
	EndGlobalSection
	GlobalSection(SolutionProperties) = preSolution
		HideSolutionNode = FALSE
	EndGlobalSection
	GlobalSection(ExtensibilityGlobals) = postSolution
		SolutionGuid = {6690A173-8250-41E0-AABD-DBB57689E8BC}
	EndGlobalSection
EndGlobal
